
Microsoft Visual Studio Solution File, Format Version 12.00
# Visual Studio Version 16
VisualStudioVersion = 16.0.29424.173
MinimumVisualStudioVersion = 10.0.40219.1
Project("{FAE04EC0-301F-11D3-BF4B-00C04F79EFBC}") = "BackblazeUploader", "BackblazeUploader\BackblazeUploader.csproj", "{A6154584-8720-4AC0-82B1-F108856BBF44}"
EndProject
Global
	GlobalSection(SolutionConfigurationPlatforms) = preSolution
		Debug|Any CPU = Debug|Any CPU
		Release|Any CPU = Release|Any CPU
	EndGlobalSection
	GlobalSection(ProjectConfigurationPlatforms) = postSolution
		{A6154584-8720-4AC0-82B1-F108856BBF44}.Debug|Any CPU.ActiveCfg = Debug|Any CPU
		{A6154584-8720-4AC0-82B1-F108856BBF44}.Debug|Any CPU.Build.0 = Debug|Any CPU
		{A6154584-8720-4AC0-82B1-F108856BBF44}.Release|Any CPU.ActiveCfg = Release|Any CPU
		{A6154584-8720-4AC0-82B1-F108856BBF44}.Release|Any CPU.Build.0 = Release|Any CPU
	EndGlobalSection
	GlobalSection(SolutionProperties) = preSolution
		HideSolutionNode = FALSE
	EndGlobalSection
	GlobalSection(ExtensibilityGlobals) = postSolution
		SolutionGuid = {28CB8F30-FEC1-4EEB-A34F-69DAEA8C8DE8}
	EndGlobalSection
EndGlobal
